Microsoft Visual Studio Solution File, Format Version 12.00
# Visual Studio Version 17
VisualStudioVersion = 17.5.2.0
MinimumVisualStudioVersion = 10.0.40219.1
Project("{FAE04EC0-301F-11D3-BF4B-00C04F79EFBC}") = "TechStoreWeb.Core", "TechStoreWeb.Core.csproj", "{A5EA3B5F-B043-084C-063D-A468EF3C33A7}"
EndProject
Global
	GlobalSection(SolutionConfigurationPlatforms) = preSolution
		Debug|Any CPU = Debug|Any CPU
		Release|Any CPU = Release|Any CPU
	EndGlobalSection
	GlobalSection(ProjectConfigurationPlatforms) = postSolution
		{A5EA3B5F-B043-084C-063D-A468EF3C33A7}.Debug|Any CPU.ActiveCfg = Debug|Any CPU
		{A5EA3B5F-B043-084C-063D-A468EF3C33A7}.Debug|Any CPU.Build.0 = Debug|Any CPU
		{A5EA3B5F-B043-084C-063D-A468EF3C33A7}.Release|Any CPU.ActiveCfg = Release|Any CPU
		{A5EA3B5F-B043-084C-063D-A468EF3C33A7}.Release|Any CPU.Build.0 = Release|Any CPU
	EndGlobalSection
	GlobalSection(SolutionProperties) = preSolution
		HideSolutionNode = FALSE
	EndGlobalSection
	GlobalSection(ExtensibilityGlobals) = postSolution
		SolutionGuid = {AAC96781-7E2D-4EBE-897B-D39D2E9C02F1}
	EndGlobalSection
EndGlobal
